
Microsoft Visual Studio Solution File, Format Version 12.00
# Visual Studio 15
VisualStudioVersion = 15.0.27130.2010
MinimumVisualStudioVersion = 10.0.40219.1
Project("{FAE04EC0-301F-11D3-BF4B-00C04F79EFBC}") = "HW12Console", "HW12Console\HW12Console.csproj", "{0D88C264-FA6E-459C-A3CC-70F06AE22321}"
EndProject
Global
	GlobalSection(SolutionConfigurationPlatforms) = preSolution
		Debug|Any CPU = Debug|Any CPU
		Release|Any CPU = Release|Any CPU
	EndGlobalSection
	GlobalSection(ProjectConfigurationPlatforms) = postSolution
		{0D88C264-FA6E-459C-A3CC-70F06AE22321}.Debug|Any CPU.ActiveCfg = Debug|Any CPU
		{0D88C264-FA6E-459C-A3CC-70F06AE22321}.Debug|Any CPU.Build.0 = Debug|Any CPU
		{0D88C264-FA6E-459C-A3CC-70F06AE22321}.Release|Any CPU.ActiveCfg = Release|Any CPU
		{0D88C264-FA6E-459C-A3CC-70F06AE22321}.Release|Any CPU.Build.0 = Release|Any CPU
	EndGlobalSection
	GlobalSection(SolutionProperties) = preSolution
		HideSolutionNode = FALSE
	EndGlobalSection
	GlobalSection(ExtensibilityGlobals) = postSolution
		SolutionGuid = {5648FFA7-7C45-4A17-AA2F-F98FC1DCE4E1}
	EndGlobalSection
EndGlobal
